<?xml version="1.0" encoding="utf-8"?>
<Project ToolsVersion="4.0" xmlns="http://schemas.microsoft.com/developer/msbuild/2003">
  <ItemGroup>
    <ClCompile Include="Camera.cpp" />
    <ClCompile Include="Console.cpp" />
    <ClCompile Include="DirectXRenderer.cpp" />
    <ClCompile Include="Entity.cpp" />
    <ClCompile Include="InputHandler.cpp" />
    <ClCompile Include="Kernel.cpp" />
    <ClCompile Include="Keyboard.cpp" />
    <ClCompile Include="Logger.cpp" />
    <ClCompile Include="Main.cpp" />
    <ClCompile Include="Mesh.cpp" />
    <ClCompile Include="Mouse.cpp" />
    <ClCompile Include="Object.cpp" />
    <ClCompile Include="OpenGLRenderer.cpp" />
    <ClCompile Include="Renderer.cpp" />
    <ClCompile Include="Resource.cpp" />
    <ClCompile Include="ResourceManager.cpp" />
    <ClCompile Include="Scene.cpp" />
    <ClCompile Include="SceneManager.cpp" />
    <ClCompile Include="Skybox.cpp" />
    <ClCompile Include="Terrain.cpp" />
    <ClCompile Include="Transform.cpp" />
    <ClCompile Include="Wnd.cpp" />
    <ClCompile Include="DxManager.cpp" />
  </ItemGroup>
  <ItemGroup>
    <ClInclude Include="Camera.h" />
    <ClInclude Include="Console.h" />
    <ClInclude Include="DirectXRenderer.h" />
    <ClInclude Include="Entity.h" />
    <ClInclude Include="InputHandler.h" />
    <ClInclude Include="Kernel.h" />
    <ClInclude Include="Keyboard.h" />
    <ClInclude Include="Logger.h" />
    <ClInclude Include="Mesh.h" />
    <ClInclude Include="Mouse.h" />
    <ClInclude Include="Object.h" />
    <ClInclude Include="OpenGLRenderer.h" />
    <ClInclude Include="Renderer.h" />
    <ClInclude Include="Resource.h" />
    <ClInclude Include="ResourceManager.h" />
    <ClInclude Include="Scene.h" />
    <ClInclude Include="SceneManager.h" />
    <ClInclude Include="Skybox.h" />
    <ClInclude Include="Terrain.h" />
    <ClInclude Include="Transform.h" />
    <ClInclude Include="Wnd.h" />
    <ClInclude Include="DxManager.h" />
  </ItemGroup>
</Project>